
Microsoft Visual Studio Solution File, Format Version 12.00
# Visual Studio Version 17
VisualStudioVersion = 17.1.32421.90
MinimumVisualStudioVersion = 10.0.40219.1
Project("{FAE04EC0-301F-11D3-BF4B-00C04F79EFBC}") = "CleanCode", "CleanCode\CleanCode.csproj", "{07076A96-75F3-4C38-98DB-0C86F0092BBA}"
EndProject
Global
	GlobalSection(SolutionConfigurationPlatforms) = preSolution
		Debug|Any CPU = Debug|Any CPU
		Release|Any CPU = Release|Any CPU
	EndGlobalSection
	GlobalSection(ProjectConfigurationPlatforms) = postSolution
		{07076A96-75F3-4C38-98DB-0C86F0092BBA}.Debug|Any CPU.ActiveCfg = Debug|Any CPU
		{07076A96-75F3-4C38-98DB-0C86F0092BBA}.Debug|Any CPU.Build.0 = Debug|Any CPU
		{07076A96-75F3-4C38-98DB-0C86F0092BBA}.Release|Any CPU.ActiveCfg = Release|Any CPU
		{07076A96-75F3-4C38-98DB-0C86F0092BBA}.Release|Any CPU.Build.0 = Release|Any CPU
	EndGlobalSection
	GlobalSection(SolutionProperties) = preSolution
		HideSolutionNode = FALSE
	EndGlobalSection
	GlobalSection(ExtensibilityGlobals) = postSolution
		SolutionGuid = {85987713-149D-4A6A-AE60-C7D5A2AE6562}
	EndGlobalSection
EndGlobal
