
Microsoft Visual Studio Solution File, Format Version 12.00
# Visual Studio Version 16
VisualStudioVersion = 16.0.32413.511
MinimumVisualStudioVersion = 10.0.40219.1
Project("{FAE04EC0-301F-11D3-BF4B-00C04F79EFBC}") = "CleanCode__", "CleanCode__\CleanCode__.csproj", "{0074F05F-C8C8-4C44-9D8D-C1C71262284B}"
EndProject
Global
	GlobalSection(SolutionConfigurationPlatforms) = preSolution
		Debug|Any CPU = Debug|Any CPU
		Release|Any CPU = Release|Any CPU
	EndGlobalSection
	GlobalSection(ProjectConfigurationPlatforms) = postSolution
		{0074F05F-C8C8-4C44-9D8D-C1C71262284B}.Debug|Any CPU.ActiveCfg = Debug|Any CPU
		{0074F05F-C8C8-4C44-9D8D-C1C71262284B}.Debug|Any CPU.Build.0 = Debug|Any CPU
		{0074F05F-C8C8-4C44-9D8D-C1C71262284B}.Release|Any CPU.ActiveCfg = Release|Any CPU
		{0074F05F-C8C8-4C44-9D8D-C1C71262284B}.Release|Any CPU.Build.0 = Release|Any CPU
	EndGlobalSection
	GlobalSection(SolutionProperties) = preSolution
		HideSolutionNode = FALSE
	EndGlobalSection
	GlobalSection(ExtensibilityGlobals) = postSolution
		SolutionGuid = {85987713-149D-4A6A-AE60-C7D5A2AE6562}
	EndGlobalSection
EndGlobal
